
Microsoft Visual Studio Solution File, Format Version 12.00
# Visual Studio Version 16
VisualStudioVersion = 16.0.30907.101
MinimumVisualStudioVersion = 10.0.40219.1
Project("{FAE04EC0-301F-11D3-BF4B-00C04F79EFBC}") = "HelloEmptyRazor", "HelloEmptyRazor\HelloEmptyRazor.csproj", "{D11C3956-7310-4E83-8744-26B0E129225B}"
EndProject
Project("{FAE04EC0-301F-11D3-BF4B-00C04F79EFBC}") = "HelloEmptyMVC", "HelloEmptyMVC\HelloEmptyMVC.csproj", "{CF76545D-6F5A-4C29-9E51-51FAA9955539}"
EndProject
Project("{FAE04EC0-301F-11D3-BF4B-00C04F79EFBC}") = "HelloEmptyWebAPI", "HelloEmptyWebAPI\HelloEmptyWebAPI.csproj", "{99FA6A6E-7B14-4413-BFAB-20D820F79D14}"
EndProject
Global
	GlobalSection(SolutionConfigurationPlatforms) = preSolution
		Debug|Any CPU = Debug|Any CPU
		Release|Any CPU = Release|Any CPU
	EndGlobalSection
	GlobalSection(ProjectConfigurationPlatforms) = postSolution
		{D11C3956-7310-4E83-8744-26B0E129225B}.Debug|Any CPU.ActiveCfg = Debug|Any CPU
		{D11C3956-7310-4E83-8744-26B0E129225B}.Debug|Any CPU.Build.0 = Debug|Any CPU
		{D11C3956-7310-4E83-8744-26B0E129225B}.Release|Any CPU.ActiveCfg = Release|Any CPU
		{D11C3956-7310-4E83-8744-26B0E129225B}.Release|Any CPU.Build.0 = Release|Any CPU
		{CF76545D-6F5A-4C29-9E51-51FAA9955539}.Debug|Any CPU.ActiveCfg = Debug|Any CPU
		{CF76545D-6F5A-4C29-9E51-51FAA9955539}.Debug|Any CPU.Build.0 = Debug|Any CPU
		{CF76545D-6F5A-4C29-9E51-51FAA9955539}.Release|Any CPU.ActiveCfg = Release|Any CPU
		{CF76545D-6F5A-4C29-9E51-51FAA9955539}.Release|Any CPU.Build.0 = Release|Any CPU
		{99FA6A6E-7B14-4413-BFAB-20D820F79D14}.Debug|Any CPU.ActiveCfg = Debug|Any CPU
		{99FA6A6E-7B14-4413-BFAB-20D820F79D14}.Debug|Any CPU.Build.0 = Debug|Any CPU
		{99FA6A6E-7B14-4413-BFAB-20D820F79D14}.Release|Any CPU.ActiveCfg = Release|Any CPU
		{99FA6A6E-7B14-4413-BFAB-20D820F79D14}.Release|Any CPU.Build.0 = Release|Any CPU
	EndGlobalSection
	GlobalSection(SolutionProperties) = preSolution
		HideSolutionNode = FALSE
	EndGlobalSection
	GlobalSection(ExtensibilityGlobals) = postSolution
		SolutionGuid = {52C1ECE6-217C-43E6-80B2-D857BD70CCDF}
	EndGlobalSection
EndGlobal
