
Microsoft Visual Studio Solution File, Format Version 12.00
# Visual Studio Version 16
VisualStudioVersion = 16.0.30907.101
MinimumVisualStudioVersion = 10.0.40219.1
Project("{9A19103F-16F7-4668-BE54-9A1E7A4F7556}") = "HelloMVC", "HelloMVC\HelloMVC.csproj", "{ECE24EF2-82E5-4E59-AE71-C1713F4D7CF7}"
EndProject
Project("{9A19103F-16F7-4668-BE54-9A1E7A4F7556}") = "HelloRazor", "HelloRazor\HelloRazor.csproj", "{1F68D4B8-D1FC-4CE3-BFA6-400015324E53}"
EndProject
Project("{9A19103F-16F7-4668-BE54-9A1E7A4F7556}") = "HelloWebAPI", "HelloWebAPI\HelloWebAPI.csproj", "{CB87E091-C0AD-47C5-9904-69DC717E48ED}"
EndProject
Project("{9A19103F-16F7-4668-BE54-9A1E7A4F7556}") = "HelloBlazorServer", "HelloBlazorServer\HelloBlazorServer.csproj", "{FCACD46C-20D1-4D2F-9761-F7E7F1A115C5}"
EndProject
Project("{9A19103F-16F7-4668-BE54-9A1E7A4F7556}") = "HelloBlazorClient", "HelloBlazorClient\HelloBlazorClient.csproj", "{B570004E-C0B6-442E-BD00-360AC0C735AC}"
EndProject
Project("{FAE04EC0-301F-11D3-BF4B-00C04F79EFBC}") = "HelloEmptyRazor", "HelloEmptyRazor\HelloEmptyRazor.csproj", "{D11C3956-7310-4E83-8744-26B0E129225B}"
EndProject
Project("{FAE04EC0-301F-11D3-BF4B-00C04F79EFBC}") = "HelloEmptyMVC", "HelloEmptyMVC\HelloEmptyMVC.csproj", "{CF76545D-6F5A-4C29-9E51-51FAA9955539}"
EndProject
Global
	GlobalSection(SolutionConfigurationPlatforms) = preSolution
		Debug|Any CPU = Debug|Any CPU
		Release|Any CPU = Release|Any CPU
	EndGlobalSection
	GlobalSection(ProjectConfigurationPlatforms) = postSolution
		{ECE24EF2-82E5-4E59-AE71-C1713F4D7CF7}.Debug|Any CPU.ActiveCfg = Debug|Any CPU
		{ECE24EF2-82E5-4E59-AE71-C1713F4D7CF7}.Debug|Any CPU.Build.0 = Debug|Any CPU
		{ECE24EF2-82E5-4E59-AE71-C1713F4D7CF7}.Release|Any CPU.ActiveCfg = Release|Any CPU
		{ECE24EF2-82E5-4E59-AE71-C1713F4D7CF7}.Release|Any CPU.Build.0 = Release|Any CPU
		{1F68D4B8-D1FC-4CE3-BFA6-400015324E53}.Debug|Any CPU.ActiveCfg = Debug|Any CPU
		{1F68D4B8-D1FC-4CE3-BFA6-400015324E53}.Debug|Any CPU.Build.0 = Debug|Any CPU
		{1F68D4B8-D1FC-4CE3-BFA6-400015324E53}.Release|Any CPU.ActiveCfg = Release|Any CPU
		{1F68D4B8-D1FC-4CE3-BFA6-400015324E53}.Release|Any CPU.Build.0 = Release|Any CPU
		{CB87E091-C0AD-47C5-9904-69DC717E48ED}.Debug|Any CPU.ActiveCfg = Debug|Any CPU
		{CB87E091-C0AD-47C5-9904-69DC717E48ED}.Debug|Any CPU.Build.0 = Debug|Any CPU
		{CB87E091-C0AD-47C5-9904-69DC717E48ED}.Release|Any CPU.ActiveCfg = Release|Any CPU
		{CB87E091-C0AD-47C5-9904-69DC717E48ED}.Release|Any CPU.Build.0 = Release|Any CPU
		{FCACD46C-20D1-4D2F-9761-F7E7F1A115C5}.Debug|Any CPU.ActiveCfg = Debug|Any CPU
		{FCACD46C-20D1-4D2F-9761-F7E7F1A115C5}.Debug|Any CPU.Build.0 = Debug|Any CPU
		{FCACD46C-20D1-4D2F-9761-F7E7F1A115C5}.Release|Any CPU.ActiveCfg = Release|Any CPU
		{FCACD46C-20D1-4D2F-9761-F7E7F1A115C5}.Release|Any CPU.Build.0 = Release|Any CPU
		{B570004E-C0B6-442E-BD00-360AC0C735AC}.Debug|Any CPU.ActiveCfg = Debug|Any CPU
		{B570004E-C0B6-442E-BD00-360AC0C735AC}.Debug|Any CPU.Build.0 = Debug|Any CPU
		{B570004E-C0B6-442E-BD00-360AC0C735AC}.Release|Any CPU.ActiveCfg = Release|Any CPU
		{B570004E-C0B6-442E-BD00-360AC0C735AC}.Release|Any CPU.Build.0 = Release|Any CPU
		{D11C3956-7310-4E83-8744-26B0E129225B}.Debug|Any CPU.ActiveCfg = Debug|Any CPU
		{D11C3956-7310-4E83-8744-26B0E129225B}.Debug|Any CPU.Build.0 = Debug|Any CPU
		{D11C3956-7310-4E83-8744-26B0E129225B}.Release|Any CPU.ActiveCfg = Release|Any CPU
		{D11C3956-7310-4E83-8744-26B0E129225B}.Release|Any CPU.Build.0 = Release|Any CPU
		{CF76545D-6F5A-4C29-9E51-51FAA9955539}.Debug|Any CPU.ActiveCfg = Debug|Any CPU
		{CF76545D-6F5A-4C29-9E51-51FAA9955539}.Debug|Any CPU.Build.0 = Debug|Any CPU
		{CF76545D-6F5A-4C29-9E51-51FAA9955539}.Release|Any CPU.ActiveCfg = Release|Any CPU
		{CF76545D-6F5A-4C29-9E51-51FAA9955539}.Release|Any CPU.Build.0 = Release|Any CPU
	EndGlobalSection
	GlobalSection(SolutionProperties) = preSolution
		HideSolutionNode = FALSE
	EndGlobalSection
	GlobalSection(ExtensibilityGlobals) = postSolution
		SolutionGuid = {52C1ECE6-217C-43E6-80B2-D857BD70CCDF}
	EndGlobalSection
EndGlobal
