
Microsoft Visual Studio Solution File, Format Version 12.00
# Visual Studio Version 16
VisualStudioVersion = 16.0.30907.101
MinimumVisualStudioVersion = 10.0.40219.1
Project("{9A19103F-16F7-4668-BE54-9A1E7A4F7556}") = "BlazorApp", "BlazorApp\BlazorApp.csproj", "{C405C721-E1DB-4E39-BD83-E1532DA0BF34}"
EndProject
Global
	GlobalSection(SolutionConfigurationPlatforms) = preSolution
		Debug|Any CPU = Debug|Any CPU
		Release|Any CPU = Release|Any CPU
	EndGlobalSection
	GlobalSection(ProjectConfigurationPlatforms) = postSolution
		{C405C721-E1DB-4E39-BD83-E1532DA0BF34}.Debug|Any CPU.ActiveCfg = Debug|Any CPU
		{C405C721-E1DB-4E39-BD83-E1532DA0BF34}.Debug|Any CPU.Build.0 = Debug|Any CPU
		{C405C721-E1DB-4E39-BD83-E1532DA0BF34}.Release|Any CPU.ActiveCfg = Release|Any CPU
		{C405C721-E1DB-4E39-BD83-E1532DA0BF34}.Release|Any CPU.Build.0 = Release|Any CPU
	EndGlobalSection
	GlobalSection(SolutionProperties) = preSolution
		HideSolutionNode = FALSE
	EndGlobalSection
	GlobalSection(ExtensibilityGlobals) = postSolution
		SolutionGuid = {E083C353-8EDD-475A-A3AE-8BDB15D9A648}
	EndGlobalSection
EndGlobal
