
Microsoft Visual Studio Solution File, Format Version 12.00
# Visual Studio Version 16
VisualStudioVersion = 16.0.30804.86
MinimumVisualStudioVersion = 10.0.40219.1
Project("{FAE04EC0-301F-11D3-BF4B-00C04F79EFBC}") = "DFSAlgorithm", "DFSAlgorithm\DFSAlgorithm.csproj", "{402B40CD-D11C-4E93-BA87-4333EA1B7EE5}"
EndProject
Global
	GlobalSection(SolutionConfigurationPlatforms) = preSolution
		Debug|Any CPU = Debug|Any CPU
		Release|Any CPU = Release|Any CPU
	EndGlobalSection
	GlobalSection(ProjectConfigurationPlatforms) = postSolution
		{402B40CD-D11C-4E93-BA87-4333EA1B7EE5}.Debug|Any CPU.ActiveCfg = Debug|Any CPU
		{402B40CD-D11C-4E93-BA87-4333EA1B7EE5}.Debug|Any CPU.Build.0 = Debug|Any CPU
		{402B40CD-D11C-4E93-BA87-4333EA1B7EE5}.Release|Any CPU.ActiveCfg = Release|Any CPU
		{402B40CD-D11C-4E93-BA87-4333EA1B7EE5}.Release|Any CPU.Build.0 = Release|Any CPU
	EndGlobalSection
	GlobalSection(SolutionProperties) = preSolution
		HideSolutionNode = FALSE
	EndGlobalSection
	GlobalSection(ExtensibilityGlobals) = postSolution
		SolutionGuid = {FD283CD6-895E-4671-A1AE-F16051536F26}
	EndGlobalSection
EndGlobal
