
Microsoft Visual Studio Solution File, Format Version 12.00
# Visual Studio Version 16
VisualStudioVersion = 16.0.30804.86
MinimumVisualStudioVersion = 10.0.40219.1
Project("{FAE04EC0-301F-11D3-BF4B-00C04F79EFBC}") = "AStarAlgorithm", "AStarAlgorithm\AStarAlgorithm.csproj", "{63D2EF6C-8FD4-4A5A-BFDD-1C543466B99E}"
EndProject
Global
	GlobalSection(SolutionConfigurationPlatforms) = preSolution
		Debug|Any CPU = Debug|Any CPU
		Release|Any CPU = Release|Any CPU
	EndGlobalSection
	GlobalSection(ProjectConfigurationPlatforms) = postSolution
		{63D2EF6C-8FD4-4A5A-BFDD-1C543466B99E}.Debug|Any CPU.ActiveCfg = Debug|Any CPU
		{63D2EF6C-8FD4-4A5A-BFDD-1C543466B99E}.Debug|Any CPU.Build.0 = Debug|Any CPU
		{63D2EF6C-8FD4-4A5A-BFDD-1C543466B99E}.Release|Any CPU.ActiveCfg = Release|Any CPU
		{63D2EF6C-8FD4-4A5A-BFDD-1C543466B99E}.Release|Any CPU.Build.0 = Release|Any CPU
	EndGlobalSection
	GlobalSection(SolutionProperties) = preSolution
		HideSolutionNode = FALSE
	EndGlobalSection
	GlobalSection(ExtensibilityGlobals) = postSolution
		SolutionGuid = {32AF92CD-2EF6-49A6-A2A2-68ED47D83771}
	EndGlobalSection
EndGlobal
