
Microsoft Visual Studio Solution File, Format Version 12.00
# Visual Studio Version 16
VisualStudioVersion = 16.0.30907.101
MinimumVisualStudioVersion = 10.0.40219.1
Project("{FAE04EC0-301F-11D3-BF4B-00C04F79EFBC}") = "MySuperBank", "MySuperBank\MySuperBank.csproj", "{728CDA64-652C-462C-8605-605C3B0D17AE}"
EndProject
Global
	GlobalSection(SolutionConfigurationPlatforms) = preSolution
		Debug|Any CPU = Debug|Any CPU
		Release|Any CPU = Release|Any CPU
	EndGlobalSection
	GlobalSection(ProjectConfigurationPlatforms) = postSolution
		{728CDA64-652C-462C-8605-605C3B0D17AE}.Debug|Any CPU.ActiveCfg = Debug|Any CPU
		{728CDA64-652C-462C-8605-605C3B0D17AE}.Debug|Any CPU.Build.0 = Debug|Any CPU
		{728CDA64-652C-462C-8605-605C3B0D17AE}.Release|Any CPU.ActiveCfg = Release|Any CPU
		{728CDA64-652C-462C-8605-605C3B0D17AE}.Release|Any CPU.Build.0 = Release|Any CPU
	EndGlobalSection
	GlobalSection(SolutionProperties) = preSolution
		HideSolutionNode = FALSE
	EndGlobalSection
	GlobalSection(ExtensibilityGlobals) = postSolution
		SolutionGuid = {7200E809-2B37-40D6-AA9E-39BEB6A07CFB}
	EndGlobalSection
EndGlobal
