
Microsoft Visual Studio Solution File, Format Version 12.00
# Visual Studio Version 16
VisualStudioVersion = 16.0.30907.101
MinimumVisualStudioVersion = 10.0.40219.1
Project("{FAE04EC0-301F-11D3-BF4B-00C04F79EFBC}") = "MySuperBank", "MySuperBank\MySuperBank.csproj", "{1AE6AE28-C8E6-4971-A62E-6BA87680E044}"
EndProject
Project("{FAE04EC0-301F-11D3-BF4B-00C04F79EFBC}") = "BankyStuffLibrary", "BankyStuffLibrary\BankyStuffLibrary.csproj", "{C6B3FB4C-DADF-4466-BACA-857FC36E43DE}"
EndProject
Project("{FAE04EC0-301F-11D3-BF4B-00C04F79EFBC}") = "BankingTests", "BankingTests\BankingTests.csproj", "{DD65E22C-74F5-4780-BEDC-6BC729B49FB7}"
EndProject
Global
	GlobalSection(SolutionConfigurationPlatforms) = preSolution
		Debug|Any CPU = Debug|Any CPU
		Release|Any CPU = Release|Any CPU
	EndGlobalSection
	GlobalSection(ProjectConfigurationPlatforms) = postSolution
		{1AE6AE28-C8E6-4971-A62E-6BA87680E044}.Debug|Any CPU.ActiveCfg = Debug|Any CPU
		{1AE6AE28-C8E6-4971-A62E-6BA87680E044}.Debug|Any CPU.Build.0 = Debug|Any CPU
		{1AE6AE28-C8E6-4971-A62E-6BA87680E044}.Release|Any CPU.ActiveCfg = Release|Any CPU
		{1AE6AE28-C8E6-4971-A62E-6BA87680E044}.Release|Any CPU.Build.0 = Release|Any CPU
		{C6B3FB4C-DADF-4466-BACA-857FC36E43DE}.Debug|Any CPU.ActiveCfg = Debug|Any CPU
		{C6B3FB4C-DADF-4466-BACA-857FC36E43DE}.Debug|Any CPU.Build.0 = Debug|Any CPU
		{C6B3FB4C-DADF-4466-BACA-857FC36E43DE}.Release|Any CPU.ActiveCfg = Release|Any CPU
		{C6B3FB4C-DADF-4466-BACA-857FC36E43DE}.Release|Any CPU.Build.0 = Release|Any CPU
		{DD65E22C-74F5-4780-BEDC-6BC729B49FB7}.Debug|Any CPU.ActiveCfg = Debug|Any CPU
		{DD65E22C-74F5-4780-BEDC-6BC729B49FB7}.Debug|Any CPU.Build.0 = Debug|Any CPU
		{DD65E22C-74F5-4780-BEDC-6BC729B49FB7}.Release|Any CPU.ActiveCfg = Release|Any CPU
		{DD65E22C-74F5-4780-BEDC-6BC729B49FB7}.Release|Any CPU.Build.0 = Release|Any CPU
	EndGlobalSection
	GlobalSection(SolutionProperties) = preSolution
		HideSolutionNode = FALSE
	EndGlobalSection
	GlobalSection(ExtensibilityGlobals) = postSolution
		SolutionGuid = {F30491F7-F6D1-458C-B05B-F0B82F34B591}
	EndGlobalSection
EndGlobal
