
Microsoft Visual Studio Solution File, Format Version 12.00
# Visual Studio Version 16
VisualStudioVersion = 16.0.30907.101
MinimumVisualStudioVersion = 10.0.40219.1
Project("{FAE04EC0-301F-11D3-BF4B-00C04F79EFBC}") = "ContosoPets", "ContosoPets\ContosoPets.csproj", "{57953DAC-54D4-4FAF-AFA8-C5CD9AEDA572}"
EndProject
Global
	GlobalSection(SolutionConfigurationPlatforms) = preSolution
		Debug|Any CPU = Debug|Any CPU
		Release|Any CPU = Release|Any CPU
	EndGlobalSection
	GlobalSection(ProjectConfigurationPlatforms) = postSolution
		{57953DAC-54D4-4FAF-AFA8-C5CD9AEDA572}.Debug|Any CPU.ActiveCfg = Debug|Any CPU
		{57953DAC-54D4-4FAF-AFA8-C5CD9AEDA572}.Debug|Any CPU.Build.0 = Debug|Any CPU
		{57953DAC-54D4-4FAF-AFA8-C5CD9AEDA572}.Release|Any CPU.ActiveCfg = Release|Any CPU
		{57953DAC-54D4-4FAF-AFA8-C5CD9AEDA572}.Release|Any CPU.Build.0 = Release|Any CPU
	EndGlobalSection
	GlobalSection(SolutionProperties) = preSolution
		HideSolutionNode = FALSE
	EndGlobalSection
	GlobalSection(ExtensibilityGlobals) = postSolution
		SolutionGuid = {DECAF104-8414-47A0-87EA-F5A85FD624E9}
	EndGlobalSection
EndGlobal
