
Microsoft Visual Studio Solution File, Format Version 12.00
# Visual Studio Version 16
VisualStudioVersion = 16.0.30804.86
MinimumVisualStudioVersion = 10.0.40219.1
Project("{FAE04EC0-301F-11D3-BF4B-00C04F79EFBC}") = "Bullet Map", "Bullet Map\Bullet Map.csproj", "{E8AD283D-878B-48F1-9481-1823D4A3A19D}"
EndProject
Global
	GlobalSection(SolutionConfigurationPlatforms) = preSolution
		Debug|Any CPU = Debug|Any CPU
		Release|Any CPU = Release|Any CPU
	EndGlobalSection
	GlobalSection(ProjectConfigurationPlatforms) = postSolution
		{E8AD283D-878B-48F1-9481-1823D4A3A19D}.Debug|Any CPU.ActiveCfg = Debug|Any CPU
		{E8AD283D-878B-48F1-9481-1823D4A3A19D}.Debug|Any CPU.Build.0 = Debug|Any CPU
		{E8AD283D-878B-48F1-9481-1823D4A3A19D}.Release|Any CPU.ActiveCfg = Release|Any CPU
		{E8AD283D-878B-48F1-9481-1823D4A3A19D}.Release|Any CPU.Build.0 = Release|Any CPU
	EndGlobalSection
	GlobalSection(SolutionProperties) = preSolution
		HideSolutionNode = FALSE
	EndGlobalSection
	GlobalSection(ExtensibilityGlobals) = postSolution
		SolutionGuid = {D929752D-3091-48A2-B154-5021AE8C2027}
	EndGlobalSection
EndGlobal
