
Microsoft Visual Studio Solution File, Format Version 12.00
# Visual Studio Version 16
VisualStudioVersion = 16.0.30907.101
MinimumVisualStudioVersion = 10.0.40219.1
Project("{9A19103F-16F7-4668-BE54-9A1E7A4F7556}") = "RankingApp", "RankingApp\RankingApp.csproj", "{8BADFF56-B4B4-42E1-A406-8915E227991C}"
EndProject
Project("{9A19103F-16F7-4668-BE54-9A1E7A4F7556}") = "WebApi", "WebApi\WebApi.csproj", "{DA94D4E7-3840-4A3B-889D-209DE2A9BAD6}"
EndProject
Project("{FAE04EC0-301F-11D3-BF4B-00C04F79EFBC}") = "SharedData", "SharedData\SharedData.csproj", "{693AFDCD-A771-4BA6-9A35-66159D34FE8A}"
EndProject
Global
	GlobalSection(SolutionConfigurationPlatforms) = preSolution
		Debug|Any CPU = Debug|Any CPU
		Release|Any CPU = Release|Any CPU
	EndGlobalSection
	GlobalSection(ProjectConfigurationPlatforms) = postSolution
		{8BADFF56-B4B4-42E1-A406-8915E227991C}.Debug|Any CPU.ActiveCfg = Debug|Any CPU
		{8BADFF56-B4B4-42E1-A406-8915E227991C}.Debug|Any CPU.Build.0 = Debug|Any CPU
		{8BADFF56-B4B4-42E1-A406-8915E227991C}.Release|Any CPU.ActiveCfg = Release|Any CPU
		{8BADFF56-B4B4-42E1-A406-8915E227991C}.Release|Any CPU.Build.0 = Release|Any CPU
		{DA94D4E7-3840-4A3B-889D-209DE2A9BAD6}.Debug|Any CPU.ActiveCfg = Debug|Any CPU
		{DA94D4E7-3840-4A3B-889D-209DE2A9BAD6}.Debug|Any CPU.Build.0 = Debug|Any CPU
		{DA94D4E7-3840-4A3B-889D-209DE2A9BAD6}.Release|Any CPU.ActiveCfg = Release|Any CPU
		{DA94D4E7-3840-4A3B-889D-209DE2A9BAD6}.Release|Any CPU.Build.0 = Release|Any CPU
		{693AFDCD-A771-4BA6-9A35-66159D34FE8A}.Debug|Any CPU.ActiveCfg = Debug|Any CPU
		{693AFDCD-A771-4BA6-9A35-66159D34FE8A}.Debug|Any CPU.Build.0 = Debug|Any CPU
		{693AFDCD-A771-4BA6-9A35-66159D34FE8A}.Release|Any CPU.ActiveCfg = Release|Any CPU
		{693AFDCD-A771-4BA6-9A35-66159D34FE8A}.Release|Any CPU.Build.0 = Release|Any CPU
	EndGlobalSection
	GlobalSection(SolutionProperties) = preSolution
		HideSolutionNode = FALSE
	EndGlobalSection
	GlobalSection(ExtensibilityGlobals) = postSolution
		SolutionGuid = {3F95EBB5-1736-4B06-86D1-0F92A274221E}
	EndGlobalSection
EndGlobal
