
Microsoft Visual Studio Solution File, Format Version 12.00
# Visual Studio Version 16
VisualStudioVersion = 16.0.30804.86
MinimumVisualStudioVersion = 10.0.40219.1
Project("{FAE04EC0-301F-11D3-BF4B-00C04F79EFBC}") = "RockScissorsPaper", "RockScissorsPaper\RockScissorsPaper.csproj", "{B56AC07A-18B4-48F8-84A7-6FC4849F14AE}"
EndProject
Global
	GlobalSection(SolutionConfigurationPlatforms) = preSolution
		Debug|Any CPU = Debug|Any CPU
		Release|Any CPU = Release|Any CPU
	EndGlobalSection
	GlobalSection(ProjectConfigurationPlatforms) = postSolution
		{B56AC07A-18B4-48F8-84A7-6FC4849F14AE}.Debug|Any CPU.ActiveCfg = Debug|Any CPU
		{B56AC07A-18B4-48F8-84A7-6FC4849F14AE}.Debug|Any CPU.Build.0 = Debug|Any CPU
		{B56AC07A-18B4-48F8-84A7-6FC4849F14AE}.Release|Any CPU.ActiveCfg = Release|Any CPU
		{B56AC07A-18B4-48F8-84A7-6FC4849F14AE}.Release|Any CPU.Build.0 = Release|Any CPU
	EndGlobalSection
	GlobalSection(SolutionProperties) = preSolution
		HideSolutionNode = FALSE
	EndGlobalSection
	GlobalSection(ExtensibilityGlobals) = postSolution
		SolutionGuid = {9A93FB62-E22E-4849-9C3F-39F426E74915}
	EndGlobalSection
EndGlobal
